
Microsoft Visual Studio Solution File, Format Version 12.00
# Visual Studio Version 16
VisualStudioVersion = 16.0.30711.63
MinimumVisualStudioVersion = 10.0.40219.1
Project("{FAE04EC0-301F-11D3-BF4B-00C04F79EFBC}") = "ConfigureMiddlewareExample", "ConfigureMiddlewareExample\ConfigureMiddlewareExample.csproj", "{6611F64F-7C63-458A-98A5-09C0038A2047}"
EndProject
Global
	GlobalSection(SolutionConfigurationPlatforms) = preSolution
		Debug|Any CPU = Debug|Any CPU
		Release|Any CPU = Release|Any CPU
	EndGlobalSection
	GlobalSection(ProjectConfigurationPlatforms) = postSolution
		{6611F64F-7C63-458A-98A5-09C0038A2047}.Debug|Any CPU.ActiveCfg = Debug|Any CPU
		{6611F64F-7C63-458A-98A5-09C0038A2047}.Debug|Any CPU.Build.0 = Debug|Any CPU
		{6611F64F-7C63-458A-98A5-09C0038A2047}.Release|Any CPU.ActiveCfg = Release|Any CPU
		{6611F64F-7C63-458A-98A5-09C0038A2047}.Release|Any CPU.Build.0 = Release|Any CPU
	EndGlobalSection
	GlobalSection(SolutionProperties) = preSolution
		HideSolutionNode = FALSE
	EndGlobalSection
	GlobalSection(ExtensibilityGlobals) = postSolution
		SolutionGuid = {8DFCFBFF-618F-4267-AEB5-79442C0FC52D}
	EndGlobalSection
EndGlobal
